
Microsoft Visual Studio Solution File, Format Version 12.00
# Visual Studio Version 17
VisualStudioVersion = 17.7.34031.279
MinimumVisualStudioVersion = 10.0.40219.1
Project("{FAE04EC0-301F-11D3-BF4B-00C04F79EFBC}") = "ejercicio4Ficheros", "ejercicio4Ficheros.csproj", "{A6D6E200-7CBE-4811-9C39-F457BB8E6C32}"
EndProject
Global
	GlobalSection(SolutionConfigurationPlatforms) = preSolution
		Debug|Any CPU = Debug|Any CPU
		Release|Any CPU = Release|Any CPU
	EndGlobalSection
	GlobalSection(ProjectConfigurationPlatforms) = postSolution
		{A6D6E200-7CBE-4811-9C39-F457BB8E6C32}.Debug|Any CPU.ActiveCfg = Debug|Any CPU
		{A6D6E200-7CBE-4811-9C39-F457BB8E6C32}.Debug|Any CPU.Build.0 = Debug|Any CPU
		{A6D6E200-7CBE-4811-9C39-F457BB8E6C32}.Release|Any CPU.ActiveCfg = Release|Any CPU
		{A6D6E200-7CBE-4811-9C39-F457BB8E6C32}.Release|Any CPU.Build.0 = Release|Any CPU
	EndGlobalSection
	GlobalSection(SolutionProperties) = preSolution
		HideSolutionNode = FALSE
	EndGlobalSection
	GlobalSection(ExtensibilityGlobals) = postSolution
		SolutionGuid = {E2F9B415-E7E1-41F6-9DAE-8B7AAE4C577C}
	EndGlobalSection
EndGlobal
